// !$*UTF8*$!
{
	archiveVersion = 1;
	classes = {
	};
	objectVersion = 56;
	objects = {

/* Begin PBXBuildFile section */
		9819E9AB2A2CA94800D667A9 /* Extensions.swift in Sources */ = {isa = PBXBuildFile; fileRef = 9819E9AA2A2CA94800D667A9 /* Extensions.swift */; };
		9819E9AD2A2CA96A00D667A9 /* NavTabBar.swift in Sources */ = {isa = PBXBuildFile; fileRef = 9819E9AC2A2CA96A00D667A9 /* NavTabBar.swift */; };
		9873D5442A2A0B4300085784 /* OAuthSwift in Frameworks */ = {isa = PBXBuildFile; productRef = 9873D5432A2A0B4300085784 /* OAuthSwift */; };
		9873D54A2A2A1E5000085784 /* TokenRetriever.swift in Sources */ = {isa = PBXBuildFile; fileRef = 9873D5492A2A1E5000085784 /* TokenRetriever.swift */; };
		9873D54C2A2A296200085784 /* TokenModel.swift in Sources */ = {isa = PBXBuildFile; fileRef = 9873D54B2A2A296200085784 /* TokenModel.swift */; };
		988C60332A2CB008008B7A81 /* Search.swift in Sources */ = {isa = PBXBuildFile; fileRef = 988C60322A2CB008008B7A81 /* Search.swift */; };
		988C60372A2CB133008B7A81 /* HistoryPage.swift in Sources */ = {isa = PBXBuildFile; fileRef = 988C60362A2CB133008B7A81 /* HistoryPage.swift */; };
		988C60392A2CB17C008B7A81 /* Profile.swift in Sources */ = {isa = PBXBuildFile; fileRef = 988C60382A2CB17C008B7A81 /* Profile.swift */; };
		988C603B2A2CB62F008B7A81 /* CustomTabBar.swift in Sources */ = {isa = PBXBuildFile; fileRef = 988C603A2A2CB62F008B7A81 /* CustomTabBar.swift */; };
		988C603D2A2CBEE0008B7A81 /* RepoRow.swift in Sources */ = {isa = PBXBuildFile; fileRef = 988C603C2A2CBEE0008B7A81 /* RepoRow.swift */; };
		988C603F2A2CDBDB008B7A81 /* UserRow.swift in Sources */ = {isa = PBXBuildFile; fileRef = 988C603E2A2CDBDB008B7A81 /* UserRow.swift */; };
		988C60412A2CE373008B7A81 /* LoadingView.swift in Sources */ = {isa = PBXBuildFile; fileRef = 988C60402A2CE373008B7A81 /* LoadingView.swift */; };
		98DE3EA32A29016A0087C545 /* gitTestApp.swift in Sources */ = {isa = PBXBuildFile; fileRef = 98DE3EA22A29016A0087C545 /* gitTestApp.swift */; };
		98DE3EA72A29016C0087C545 /* Assets.xcassets in Resources */ = {isa = PBXBuildFile; fileRef = 98DE3EA62A29016C0087C545 /* Assets.xcassets */; };
		98DE3EAA2A29016C0087C545 /* Preview Assets.xcassets in Resources */ = {isa = PBXBuildFile; fileRef = 98DE3EA92A29016C0087C545 /* Preview Assets.xcassets */; };
		98DE3EB22A2901950087C545 /* RepoModel.swift in Sources */ = {isa = PBXBuildFile; fileRef = 98DE3EB12A2901950087C545 /* RepoModel.swift */; };
		98DE3EB42A2901A70087C545 /* UserModel.swift in Sources */ = {isa = PBXBuildFile; fileRef = 98DE3EB32A2901A70087C545 /* UserModel.swift */; };
		98DE3EB92A2901E70087C545 /* FetchRepos.swift in Sources */ = {isa = PBXBuildFile; fileRef = 98DE3EB82A2901E70087C545 /* FetchRepos.swift */; };
		98DE3EC72A2902730087C545 /* LoginPage.swift in Sources */ = {isa = PBXBuildFile; fileRef = 98DE3EC62A2902730087C545 /* LoginPage.swift */; };
		98DE3ECA2A29033A0087C545 /* SearchBar.swift in Sources */ = {isa = PBXBuildFile; fileRef = 98DE3EC92A29033A0087C545 /* SearchBar.swift */; };
		98DE3ED42A292E4A0087C545 /* ViewHistory.swift in Sources */ = {isa = PBXBuildFile; fileRef = 98DE3ED32A292E4A0087C545 /* ViewHistory.swift */; };
/* End PBXBuildFile section */

/* Begin PBXFileReference section */
		9819E9AA2A2CA94800D667A9 /* Extensions.swift */ = {isa = PBXFileReference; lastKnownFileType = sourcecode.swift; path = Extensions.swift; sourceTree = "<group>"; };
		9819E9AC2A2CA96A00D667A9 /* NavTabBar.swift */ = {isa = PBXFileReference; lastKnownFileType = sourcecode.swift; path = NavTabBar.swift; sourceTree = "<group>"; };
		9873D5412A2A033800085784 /* Info.plist */ = {isa = PBXFileReference; lastKnownFileType = text.plist; path = Info.plist; sourceTree = "<group>"; };
		9873D5492A2A1E5000085784 /* TokenRetriever.swift */ = {isa = PBXFileReference; lastKnownFileType = sourcecode.swift; path = TokenRetriever.swift; sourceTree = "<group>"; };
		9873D54B2A2A296200085784 /* TokenModel.swift */ = {isa = PBXFileReference; lastKnownFileType = sourcecode.swift; path = TokenModel.swift; sourceTree = "<group>"; };
		988C60322A2CB008008B7A81 /* Search.swift */ = {isa = PBXFileReference; lastKnownFileType = sourcecode.swift; path = Search.swift; sourceTree = "<group>"; };
		988C60362A2CB133008B7A81 /* HistoryPage.swift */ = {isa = PBXFileReference; lastKnownFileType = sourcecode.swift; path = HistoryPage.swift; sourceTree = "<group>"; };
		988C60382A2CB17C008B7A81 /* Profile.swift */ = {isa = PBXFileReference; lastKnownFileType = sourcecode.swift; path = Profile.swift; sourceTree = "<group>"; };
		988C603A2A2CB62F008B7A81 /* CustomTabBar.swift */ = {isa = PBXFileReference; lastKnownFileType = sourcecode.swift; path = CustomTabBar.swift; sourceTree = "<group>"; };
		988C603C2A2CBEE0008B7A81 /* RepoRow.swift */ = {isa = PBXFileReference; lastKnownFileType = sourcecode.swift; path = RepoRow.swift; sourceTree = "<group>"; };
		988C603E2A2CDBDB008B7A81 /* UserRow.swift */ = {isa = PBXFileReference; lastKnownFileType = sourcecode.swift; path = UserRow.swift; sourceTree = "<group>"; };
		988C60402A2CE373008B7A81 /* LoadingView.swift */ = {isa = PBXFileReference; lastKnownFileType = sourcecode.swift; path = LoadingView.swift; sourceTree = "<group>"; };
		98DE3E9F2A29016A0087C545 /* gitTest.app */ = {isa = PBXFileReference; explicitFileType = wrapper.application; includeInIndex = 0; path = gitTest.app; sourceTree = BUILT_PRODUCTS_DIR; };
		98DE3EA22A29016A0087C545 /* gitTestApp.swift */ = {isa = PBXFileReference; lastKnownFileType = sourcecode.swift; path = gitTestApp.swift; sourceTree = "<group>"; };
		98DE3EA62A29016C0087C545 /* Assets.xcassets */ = {isa = PBXFileReference; lastKnownFileType = folder.assetcatalog; path = Assets.xcassets; sourceTree = "<group>"; };
		98DE3EA92A29016C0087C545 /* Preview Assets.xcassets */ = {isa = PBXFileReference; lastKnownFileType = folder.assetcatalog; path = "Preview Assets.xcassets"; sourceTree = "<group>"; };
		98DE3EB12A2901950087C545 /* RepoModel.swift */ = {isa = PBXFileReference; lastKnownFileType = sourcecode.swift; path = RepoModel.swift; sourceTree = "<group>"; };
		98DE3EB32A2901A70087C545 /* UserModel.swift */ = {isa = PBXFileReference; lastKnownFileType = sourcecode.swift; path = UserModel.swift; sourceTree = "<group>"; };
		98DE3EB82A2901E70087C545 /* FetchRepos.swift */ = {isa = PBXFileReference; lastKnownFileType = sourcecode.swift; path = FetchRepos.swift; sourceTree = "<group>"; };
		98DE3EC62A2902730087C545 /* LoginPage.swift */ = {isa = PBXFileReference; lastKnownFileType = sourcecode.swift; path = LoginPage.swift; sourceTree = "<group>"; };
		98DE3EC92A29033A0087C545 /* SearchBar.swift */ = {isa = PBXFileReference; lastKnownFileType = sourcecode.swift; path = SearchBar.swift; sourceTree = "<group>"; };
		98DE3ED32A292E4A0087C545 /* ViewHistory.swift */ = {isa = PBXFileReference; lastKnownFileType = sourcecode.swift; path = ViewHistory.swift; sourceTree = "<group>"; };
/* End PBXFileReference section */

/* Begin PBXFrameworksBuildPhase section */
		98DE3E9C2A29016A0087C545 /* Frameworks */ = {
			isa = PBXFrameworksBuildPhase;
			buildActionMask = 2147483647;
			files = (
				9873D5442A2A0B4300085784 /* OAuthSwift in Frameworks */,
			);
			runOnlyForDeploymentPostprocessing = 0;
		};
/* End PBXFrameworksBuildPhase section */

/* Begin PBXGroup section */
		98DE3E962A29016A0087C545 = {
			isa = PBXGroup;
			children = (
				98DE3EA12A29016A0087C545 /* gitTest */,
				98DE3EA02A29016A0087C545 /* Products */,
			);
			sourceTree = "<group>";
		};
		98DE3EA02A29016A0087C545 /* Products */ = {
			isa = PBXGroup;
			children = (
				98DE3E9F2A29016A0087C545 /* gitTest.app */,
			);
			name = Products;
			sourceTree = "<group>";
		};
		98DE3EA12A29016A0087C545 /* gitTest */ = {
			isa = PBXGroup;
			children = (
				9873D5412A2A033800085784 /* Info.plist */,
				98DE3EC82A29032C0087C545 /* SubViews */,
				98DE3EBD2A2902170087C545 /* Views */,
				98DE3EBA2A2901F90087C545 /* Resources */,
				98DE3EB52A2901B70087C545 /* Managers */,
				98DE3EB02A29017E0087C545 /* Model */,
				98DE3EA22A29016A0087C545 /* gitTestApp.swift */,
				98DE3EA62A29016C0087C545 /* Assets.xcassets */,
				98DE3EA82A29016C0087C545 /* Preview Content */,
			);
			path = gitTest;
			sourceTree = "<group>";
		};
		98DE3EA82A29016C0087C545 /* Preview Content */ = {
			isa = PBXGroup;
			children = (
				98DE3EA92A29016C0087C545 /* Preview Assets.xcassets */,
			);
			path = "Preview Content";
			sourceTree = "<group>";
		};
		98DE3EB02A29017E0087C545 /* Model */ = {
			isa = PBXGroup;
			children = (
				98DE3EB12A2901950087C545 /* RepoModel.swift */,
				98DE3EB32A2901A70087C545 /* UserModel.swift */,
				9873D54B2A2A296200085784 /* TokenModel.swift */,
			);
			path = Model;
			sourceTree = "<group>";
		};
		98DE3EB52A2901B70087C545 /* Managers */ = {
			isa = PBXGroup;
			children = (
				98DE3EB82A2901E70087C545 /* FetchRepos.swift */,
				98DE3ED32A292E4A0087C545 /* ViewHistory.swift */,
				9873D5492A2A1E5000085784 /* TokenRetriever.swift */,
			);
			path = Managers;
			sourceTree = "<group>";
		};
		98DE3EBA2A2901F90087C545 /* Resources */ = {
			isa = PBXGroup;
			children = (
				9819E9AA2A2CA94800D667A9 /* Extensions.swift */,
			);
			path = Resources;
			sourceTree = "<group>";
		};
		98DE3EBD2A2902170087C545 /* Views */ = {
			isa = PBXGroup;
			children = (
				98DE3EC62A2902730087C545 /* LoginPage.swift */,
				9819E9AC2A2CA96A00D667A9 /* NavTabBar.swift */,
				988C60322A2CB008008B7A81 /* Search.swift */,
				988C60362A2CB133008B7A81 /* HistoryPage.swift */,
				988C60382A2CB17C008B7A81 /* Profile.swift */,
			);
			path = Views;
			sourceTree = "<group>";
		};
		98DE3EC82A29032C0087C545 /* SubViews */ = {
			isa = PBXGroup;
			children = (
				98DE3EC92A29033A0087C545 /* SearchBar.swift */,
				988C603A2A2CB62F008B7A81 /* CustomTabBar.swift */,
				988C603C2A2CBEE0008B7A81 /* RepoRow.swift */,
				988C603E2A2CDBDB008B7A81 /* UserRow.swift */,
				988C60402A2CE373008B7A81 /* LoadingView.swift */,
			);
			path = SubViews;
			sourceTree = "<group>";
		};
/* End PBXGroup section */

/* Begin PBXNativeTarget section */
		98DE3E9E2A29016A0087C545 /* gitTest */ = {
			isa = PBXNativeTarget;
			buildConfigurationList = 98DE3EAD2A29016C0087C545 /* Build configuration list for PBXNativeTarget "gitTest" */;
			buildPhases = (
				98DE3E9B2A29016A0087C545 /* Sources */,
				98DE3E9C2A29016A0087C545 /* Frameworks */,
				98DE3E9D2A29016A0087C545 /* Resources */,
			);
			buildRules = (
			);
			dependencies = (
			);
			name = gitTest;
			packageProductDependencies = (
				9873D5432A2A0B4300085784 /* OAuthSwift */,
			);
			productName = gitTest;
			productReference = 98DE3E9F2A29016A0087C545 /* gitTest.app */;
			productType = "com.apple.product-type.application";
		};
/* End PBXNativeTarget section */

/* Begin PBXProject section */
		98DE3E972A29016A0087C545 /* Project object */ = {
			isa = PBXProject;
			attributes = {
				BuildIndependentTargetsInParallel = 1;
				LastSwiftUpdateCheck = 1420;
				LastUpgradeCheck = 1420;
				TargetAttributes = {
					98DE3E9E2A29016A0087C545 = {
						CreatedOnToolsVersion = 14.2;
					};
				};
			};
			buildConfigurationList = 98DE3E9A2A29016A0087C545 /* Build configuration list for PBXProject "gitTest" */;
			compatibilityVersion = "Xcode 14.0";
			developmentRegion = en;
			hasScannedForEncodings = 0;
			knownRegions = (
				en,
				Base,
			);
			mainGroup = 98DE3E962A29016A0087C545;
			packageReferences = (
				9873D5422A2A0B4300085784 /* XCRemoteSwiftPackageReference "OAuthSwift" */,
			);
			productRefGroup = 98DE3EA02A29016A0087C545 /* Products */;
			projectDirPath = "";
			projectRoot = "";
			targets = (
				98DE3E9E2A29016A0087C545 /* gitTest */,
			);
		};
/* End PBXProject section */

/* Begin PBXResourcesBuildPhase section */
		98DE3E9D2A29016A0087C545 /* Resources */ = {
			isa = PBXResourcesBuildPhase;
			buildActionMask = 2147483647;
			files = (
				98DE3EAA2A29016C0087C545 /* Preview Assets.xcassets in Resources */,
				98DE3EA72A29016C0087C545 /* Assets.xcassets in Resources */,
			);
			runOnlyForDeploymentPostprocessing = 0;
		};
/* End PBXResourcesBuildPhase section */

/* Begin PBXSourcesBuildPhase section */
		98DE3E9B2A29016A0087C545 /* Sources */ = {
			isa = PBXSourcesBuildPhase;
			buildActionMask = 2147483647;
			files = (
				988C60372A2CB133008B7A81 /* HistoryPage.swift in Sources */,
				98DE3EC72A2902730087C545 /* LoginPage.swift in Sources */,
				98DE3EA32A29016A0087C545 /* gitTestApp.swift in Sources */,
				98DE3EB42A2901A70087C545 /* UserModel.swift in Sources */,
				988C603F2A2CDBDB008B7A81 /* UserRow.swift in Sources */,
				9873D54A2A2A1E5000085784 /* TokenRetriever.swift in Sources */,
				9819E9AD2A2CA96A00D667A9 /* NavTabBar.swift in Sources */,
				98DE3EB92A2901E70087C545 /* FetchRepos.swift in Sources */,
				98DE3EB22A2901950087C545 /* RepoModel.swift in Sources */,
				98DE3ECA2A29033A0087C545 /* SearchBar.swift in Sources */,
				988C60332A2CB008008B7A81 /* Search.swift in Sources */,
				988C603B2A2CB62F008B7A81 /* CustomTabBar.swift in Sources */,
				988C603D2A2CBEE0008B7A81 /* RepoRow.swift in Sources */,
				9873D54C2A2A296200085784 /* TokenModel.swift in Sources */,
				9819E9AB2A2CA94800D667A9 /* Extensions.swift in Sources */,
				988C60412A2CE373008B7A81 /* LoadingView.swift in Sources */,
				988C60392A2CB17C008B7A81 /* Profile.swift in Sources */,
				98DE3ED42A292E4A0087C545 /* ViewHistory.swift in Sources */,
			);
			runOnlyForDeploymentPostprocessing = 0;
		};
/* End PBXSourcesBuildPhase section */

/* Begin XCBuildConfiguration section */
		98DE3EAB2A29016C0087C545 /* Debug */ = {
			isa = XCBuildConfiguration;
			buildSettings = {
				ALWAYS_SEARCH_USER_PATHS = NO;
				CLANG_ANALYZER_NONNULL = YES;
				CLANG_ANALYZER_NUMBER_OBJECT_CONVERSION = YES_AGGRESSIVE;
				CLANG_CXX_LANGUAGE_STANDARD = "gnu++20";
				CLANG_ENABLE_MODULES = YES;
				CLANG_ENABLE_OBJC_ARC = YES;
				CLANG_ENABLE_OBJC_WEAK = YES;
				CLANG_WARN_BLOCK_CAPTURE_AUTORELEASING = YES;
				CLANG_WARN_BOOL_CONVERSION = YES;
				CLANG_WARN_COMMA = YES;
				CLANG_WARN_CONSTANT_CONVERSION = YES;
				CLANG_WARN_DEPRECATED_OBJC_IMPLEMENTATIONS = YES;
				CLANG_WARN_DIRECT_OBJC_ISA_USAGE = YES_ERROR;
				CLANG_WARN_DOCUMENTATION_COMMENTS = YES;
				CLANG_WARN_EMPTY_BODY = YES;
				CLANG_WARN_ENUM_CONVERSION = YES;
				CLANG_WARN_INFINITE_RECURSION = YES;
				CLANG_WARN_INT_CONVERSION = YES;
				CLANG_WARN_NON_LITERAL_NULL_CONVERSION = YES;
				CLANG_WARN_OBJC_IMPLICIT_RETAIN_SELF = YES;
				CLANG_WARN_OBJC_LITERAL_CONVERSION = YES;
				CLANG_WARN_OBJC_ROOT_CLASS = YES_ERROR;
				CLANG_WARN_QUOTED_INCLUDE_IN_FRAMEWORK_HEADER = YES;
				CLANG_WARN_RANGE_LOOP_ANALYSIS = YES;
				CLANG_WARN_STRICT_PROTOTYPES = YES;
				CLANG_WARN_SUSPICIOUS_MOVE = YES;
				CLANG_WARN_UNGUARDED_AVAILABILITY = YES_AGGRESSIVE;
				CLANG_WARN_UNREACHABLE_CODE = YES;
				CLANG_WARN__DUPLICATE_METHOD_MATCH = YES;
				COPY_PHASE_STRIP = NO;
				DEBUG_INFORMATION_FORMAT = dwarf;
				ENABLE_STRICT_OBJC_MSGSEND = YES;
				ENABLE_TESTABILITY = YES;
				GCC_C_LANGUAGE_STANDARD = gnu11;
				GCC_DYNAMIC_NO_PIC = NO;
				GCC_NO_COMMON_BLOCKS = YES;
				GCC_OPTIMIZATION_LEVEL = 0;
				GCC_PREPROCESSOR_DEFINITIONS = (
					"DEBUG=1",
					"$(inherited)",
				);
				GCC_WARN_64_TO_32_BIT_CONVERSION = YES;
				GCC_WARN_ABOUT_RETURN_TYPE = YES_ERROR;
				GCC_WARN_UNDECLARED_SELECTOR = YES;
				GCC_WARN_UNINITIALIZED_AUTOS = YES_AGGRESSIVE;
				GCC_WARN_UNUSED_FUNCTION = YES;
				GCC_WARN_UNUSED_VARIABLE = YES;
				IPHONEOS_DEPLOYMENT_TARGET = 16.2;
				MTL_ENABLE_DEBUG_INFO = INCLUDE_SOURCE;
				MTL_FAST_MATH = YES;
				ONLY_ACTIVE_ARCH = YES;
				SDKROOT = iphoneos;
				SWIFT_ACTIVE_COMPILATION_CONDITIONS = DEBUG;
				SWIFT_OPTIMIZATION_LEVEL = "-Onone";
			};
			name = Debug;
		};
		98DE3EAC2A29016C0087C545 /* Release */ = {
			isa = XCBuildConfiguration;
			buildSettings = {
				ALWAYS_SEARCH_USER_PATHS = NO;
				CLANG_ANALYZER_NONNULL = YES;
				CLANG_ANALYZER_NUMBER_OBJECT_CONVERSION = YES_AGGRESSIVE;
				CLANG_CXX_LANGUAGE_STANDARD = "gnu++20";
				CLANG_ENABLE_MODULES = YES;
				CLANG_ENABLE_OBJC_ARC = YES;
				CLANG_ENABLE_OBJC_WEAK = YES;
				CLANG_WARN_BLOCK_CAPTURE_AUTORELEASING = YES;
				CLANG_WARN_BOOL_CONVERSION = YES;
				CLANG_WARN_COMMA = YES;
				CLANG_WARN_CONSTANT_CONVERSION = YES;
				CLANG_WARN_DEPRECATED_OBJC_IMPLEMENTATIONS = YES;
				CLANG_WARN_DIRECT_OBJC_ISA_USAGE = YES_ERROR;
				CLANG_WARN_DOCUMENTATION_COMMENTS = YES;
				CLANG_WARN_EMPTY_BODY = YES;
				CLANG_WARN_ENUM_CONVERSION = YES;
				CLANG_WARN_INFINITE_RECURSION = YES;
				CLANG_WARN_INT_CONVERSION = YES;
				CLANG_WARN_NON_LITERAL_NULL_CONVERSION = YES;
				CLANG_WARN_OBJC_IMPLICIT_RETAIN_SELF = YES;
				CLANG_WARN_OBJC_LITERAL_CONVERSION = YES;
				CLANG_WARN_OBJC_ROOT_CLASS = YES_ERROR;
				CLANG_WARN_QUOTED_INCLUDE_IN_FRAMEWORK_HEADER = YES;
				CLANG_WARN_RANGE_LOOP_ANALYSIS = YES;
				CLANG_WARN_STRICT_PROTOTYPES = YES;
				CLANG_WARN_SUSPICIOUS_MOVE = YES;
				CLANG_WARN_UNGUARDED_AVAILABILITY = YES_AGGRESSIVE;
				CLANG_WARN_UNREACHABLE_CODE = YES;
				CLANG_WARN__DUPLICATE_METHOD_MATCH = YES;
				COPY_PHASE_STRIP = NO;
				DEBUG_INFORMATION_FORMAT = "dwarf-with-dsym";
				ENABLE_NS_ASSERTIONS = NO;
				ENABLE_STRICT_OBJC_MSGSEND = YES;
				GCC_C_LANGUAGE_STANDARD = gnu11;
				GCC_NO_COMMON_BLOCKS = YES;
				GCC_WARN_64_TO_32_BIT_CONVERSION = YES;
				GCC_WARN_ABOUT_RETURN_TYPE = YES_ERROR;
				GCC_WARN_UNDECLARED_SELECTOR = YES;
				GCC_WARN_UNINITIALIZED_AUTOS = YES_AGGRESSIVE;
				GCC_WARN_UNUSED_FUNCTION = YES;
				GCC_WARN_UNUSED_VARIABLE = YES;
				IPHONEOS_DEPLOYMENT_TARGET = 16.2;
				MTL_ENABLE_DEBUG_INFO = NO;
				MTL_FAST_MATH = YES;
				SDKROOT = iphoneos;
				SWIFT_COMPILATION_MODE = wholemodule;
				SWIFT_OPTIMIZATION_LEVEL = "-O";
				VALIDATE_PRODUCT = YES;
			};
			name = Release;
		};
		98DE3EAE2A29016C0087C545 /* Debug */ = {
			isa = XCBuildConfiguration;
			buildSettings = {
				ASSETCATALOG_COMPILER_APPICON_NAME = AppIcon;
				ASSETCATALOG_COMPILER_GLOBAL_ACCENT_COLOR_NAME = AccentColor;
				CODE_SIGN_STYLE = Automatic;
				CURRENT_PROJECT_VERSION = 1;
				DEVELOPMENT_ASSET_PATHS = "\"gitTest/Preview Content\"";
				DEVELOPMENT_TEAM = 364MUK427X;
				ENABLE_PREVIEWS = YES;
				GENERATE_INFOPLIST_FILE = YES;
				INFOPLIST_FILE = gitTest/Info.plist;
				INFOPLIST_KEY_UIApplicationSceneManifest_Generation = YES;
				INFOPLIST_KEY_UIApplicationSupportsIndirectInputEvents = YES;
				INFOPLIST_KEY_UILaunchScreen_Generation = YES;
				INFOPLIST_KEY_UISupportedInterfaceOrientations_iPad = "UIInterfaceOrientationPortrait UIInterfaceOrientationPortraitUpsideDown UIInterfaceOrientationLandscapeLeft UIInterfaceOrientationLandscapeRight";
				INFOPLIST_KEY_UISupportedInterfaceOrientations_iPhone = "UIInterfaceOrientationPortrait UIInterfaceOrientationLandscapeLeft UIInterfaceOrientationLandscapeRight";
				LD_RUNPATH_SEARCH_PATHS = (
					"$(inherited)",
					"@executable_path/Frameworks",
				);
				MARKETING_VERSION = 1.0;
				PRODUCT_BUNDLE_IDENTIFIER = com.Ardak.gitTest;
				PRODUCT_NAME = "$(TARGET_NAME)";
				SWIFT_EMIT_LOC_STRINGS = YES;
				SWIFT_VERSION = 5.0;
				TARGETED_DEVICE_FAMILY = "1,2";
			};
			name = Debug;
		};
		98DE3EAF2A29016C0087C545 /* Release */ = {
			isa = XCBuildConfiguration;
			buildSettings = {
				ASSETCATALOG_COMPILER_APPICON_NAME = AppIcon;
				ASSETCATALOG_COMPILER_GLOBAL_ACCENT_COLOR_NAME = AccentColor;
				CODE_SIGN_STYLE = Automatic;
				CURRENT_PROJECT_VERSION = 1;
				DEVELOPMENT_ASSET_PATHS = "\"gitTest/Preview Content\"";
				DEVELOPMENT_TEAM = 364MUK427X;
				ENABLE_PREVIEWS = YES;
				GENERATE_INFOPLIST_FILE = YES;
				INFOPLIST_FILE = gitTest/Info.plist;
				INFOPLIST_KEY_UIApplicationSceneManifest_Generation = YES;
				INFOPLIST_KEY_UIApplicationSupportsIndirectInputEvents = YES;
				INFOPLIST_KEY_UILaunchScreen_Generation = YES;
				INFOPLIST_KEY_UISupportedInterfaceOrientations_iPad = "UIInterfaceOrientationPortrait UIInterfaceOrientationPortraitUpsideDown UIInterfaceOrientationLandscapeLeft UIInterfaceOrientationLandscapeRight";
				INFOPLIST_KEY_UISupportedInterfaceOrientations_iPhone = "UIInterfaceOrientationPortrait UIInterfaceOrientationLandscapeLeft UIInterfaceOrientationLandscapeRight";
				LD_RUNPATH_SEARCH_PATHS = (
					"$(inherited)",
					"@executable_path/Frameworks",
				);
				MARKETING_VERSION = 1.0;
				PRODUCT_BUNDLE_IDENTIFIER = com.Ardak.gitTest;
				PRODUCT_NAME = "$(TARGET_NAME)";
				SWIFT_EMIT_LOC_STRINGS = YES;
				SWIFT_VERSION = 5.0;
				TARGETED_DEVICE_FAMILY = "1,2";
			};
			name = Release;
		};
/* End XCBuildConfiguration section */

/* Begin XCConfigurationList section */
		98DE3E9A2A29016A0087C545 /* Build configuration list for PBXProject "gitTest" */ = {
			isa = XCConfigurationList;
			buildConfigurations = (
				98DE3EAB2A29016C0087C545 /* Debug */,
				98DE3EAC2A29016C0087C545 /* Release */,
			);
			defaultConfigurationIsVisible = 0;
			defaultConfigurationName = Release;
		};
		98DE3EAD2A29016C0087C545 /* Build configuration list for PBXNativeTarget "gitTest" */ = {
			isa = XCConfigurationList;
			buildConfigurations = (
				98DE3EAE2A29016C0087C545 /* Debug */,
				98DE3EAF2A29016C0087C545 /* Release */,
			);
			defaultConfigurationIsVisible = 0;
			defaultConfigurationName = Release;
		};
/* End XCConfigurationList section */

/* Begin XCRemoteSwiftPackageReference section */
		9873D5422A2A0B4300085784 /* XCRemoteSwiftPackageReference "OAuthSwift" */ = {
			isa = XCRemoteSwiftPackageReference;
			repositoryURL = "https://github.com/OAuthSwift/OAuthSwift.git";
			requirement = {
				branch = master;
				kind = branch;
			};
		};
/* End XCRemoteSwiftPackageReference section */

/* Begin XCSwiftPackageProductDependency section */
		9873D5432A2A0B4300085784 /* OAuthSwift */ = {
			isa = XCSwiftPackageProductDependency;
			package = 9873D5422A2A0B4300085784 /* XCRemoteSwiftPackageReference "OAuthSwift" */;
			productName = OAuthSwift;
		};
/* End XCSwiftPackageProductDependency section */
	};
	rootObject = 98DE3E972A29016A0087C545 /* Project object */;
}
